
Microsoft Visual Studio Solution File, Format Version 12.00
# Visual Studio Version 17
VisualStudioVersion = 17.13.35806.99
MinimumVisualStudioVersion = 10.0.40219.1
Project("{FAE04EC0-301F-11D3-BF4B-00C04F79EFBC}") = "SharpEventBus.SyncExample", "SharpEventBus.SyncExample\SharpEventBus.SyncExample.csproj", "{2996F4ED-AA78-4DC7-9300-C96335041177}"
EndProject
Project("{FAE04EC0-301F-11D3-BF4B-00C04F79EFBC}") = "SharpEventBus", "SharpEventBus\SharpEventBus.csproj", "{7BFC3697-0EF9-4D73-978B-BD20749CF0AA}"
EndProject
Project("{FAE04EC0-301F-11D3-BF4B-00C04F79EFBC}") = "SharpEventBus.Tests", "SharpEventBus.Tests\SharpEventBus.Tests.csproj", "{B8F570C2-B805-4007-B7DD-78494EA05587}"
EndProject
Project("{2150E333-8FDC-42A3-9474-1A3956D46DE8}") = "Examples", "Examples", "{02EA681E-C7D8-13C7-8484-4AC65E1B71E8}"
EndProject
Project("{FAE04EC0-301F-11D3-BF4B-00C04F79EFBC}") = "SharpEventBus.AsyncExample", "SharpEventBus.AsyncExample\SharpEventBus.AsyncExample.csproj", "{73319768-2A35-CA56-E5F4-512BD92E316D}"
EndProject
Global
	GlobalSection(SolutionConfigurationPlatforms) = preSolution
		Debug|Any CPU = Debug|Any CPU
		Release|Any CPU = Release|Any CPU
	EndGlobalSection
	GlobalSection(ProjectConfigurationPlatforms) = postSolution
		{2996F4ED-AA78-4DC7-9300-C96335041177}.Debug|Any CPU.ActiveCfg = Debug|Any CPU
		{2996F4ED-AA78-4DC7-9300-C96335041177}.Debug|Any CPU.Build.0 = Debug|Any CPU
		{2996F4ED-AA78-4DC7-9300-C96335041177}.Release|Any CPU.ActiveCfg = Release|Any CPU
		{2996F4ED-AA78-4DC7-9300-C96335041177}.Release|Any CPU.Build.0 = Release|Any CPU
		{7BFC3697-0EF9-4D73-978B-BD20749CF0AA}.Debug|Any CPU.ActiveCfg = Debug|Any CPU
		{7BFC3697-0EF9-4D73-978B-BD20749CF0AA}.Debug|Any CPU.Build.0 = Debug|Any CPU
		{7BFC3697-0EF9-4D73-978B-BD20749CF0AA}.Release|Any CPU.ActiveCfg = Release|Any CPU
		{7BFC3697-0EF9-4D73-978B-BD20749CF0AA}.Release|Any CPU.Build.0 = Release|Any CPU
		{B8F570C2-B805-4007-B7DD-78494EA05587}.Debug|Any CPU.ActiveCfg = Debug|Any CPU
		{B8F570C2-B805-4007-B7DD-78494EA05587}.Debug|Any CPU.Build.0 = Debug|Any CPU
		{B8F570C2-B805-4007-B7DD-78494EA05587}.Release|Any CPU.ActiveCfg = Release|Any CPU
		{B8F570C2-B805-4007-B7DD-78494EA05587}.Release|Any CPU.Build.0 = Release|Any CPU
		{73319768-2A35-CA56-E5F4-512BD92E316D}.Debug|Any CPU.ActiveCfg = Debug|Any CPU
		{73319768-2A35-CA56-E5F4-512BD92E316D}.Debug|Any CPU.Build.0 = Debug|Any CPU
		{73319768-2A35-CA56-E5F4-512BD92E316D}.Release|Any CPU.ActiveCfg = Release|Any CPU
		{73319768-2A35-CA56-E5F4-512BD92E316D}.Release|Any CPU.Build.0 = Release|Any CPU
	EndGlobalSection
	GlobalSection(SolutionProperties) = preSolution
		HideSolutionNode = FALSE
	EndGlobalSection
	GlobalSection(NestedProjects) = preSolution
		{2996F4ED-AA78-4DC7-9300-C96335041177} = {02EA681E-C7D8-13C7-8484-4AC65E1B71E8}
		{73319768-2A35-CA56-E5F4-512BD92E316D} = {02EA681E-C7D8-13C7-8484-4AC65E1B71E8}
	EndGlobalSection
	GlobalSection(ExtensibilityGlobals) = postSolution
		SolutionGuid = {07049ABB-3333-490E-8CBD-91E61C6EB29C}
	EndGlobalSection
EndGlobal
